# Generated from requirements.in by:
#   uv pip compile requirements.in --generate-hashes --emit-index-url --python-version 3.11 --python-platform x86_64-manylinux_2_28 --index-strategy unsafe-best-match --no-header
# then split: deepspeed goes to deepspeed.lock (it builds from source against
# the installed torch, so it installs second, with --no-build-isolation).
# Do not edit by hand.
--index-url https://pypi.org/simple
--extra-index-url https://download.pytorch.org/whl/cu130
deepspeed==0.19.7 \
    --hash=sha256:c6640ecbda08ec6b4b6c72521155351719f145f48d850687b7332f503992921c
    # via
    #   -r requirements.in
    #   trl
